<?xml version="1.0" encoding="UTF-8"?>
<Project ToolsVersion="15.0" xmlns="http://schemas.microsoft.com/developer/msbuild/2003">
  <ItemGroup>
    <ClCompile Include="C:\Users\dell\Documents\NoMASS-Release-72019\NoMASSv1.1-src\FMU\FMU\Source\Agents\Agent.cpp">
      <Filter>Source Files</Filter>
    </ClCompile>
    <ClCompile Include="C:\Users\dell\Documents\NoMASS-Release-72019\NoMASSv1.1-src\FMU\FMU\Source\Occupants\Occupant.cpp">
      <Filter>Source Files</Filter>
    </ClCompile>
    <ClCompile Include="C:\Users\dell\Documents\NoMASS-Release-72019\NoMASSv1.1-src\FMU\FMU\Source\Occupants\Occupant_Action.cpp">
      <Filter>Source Files</Filter>
    </ClCompile>
    <ClCompile Include="C:\Users\dell\Documents\NoMASS-Release-72019\NoMASSv1.1-src\FMU\FMU\Source\Occupants\Occupant_Action_Heat_Gains.cpp">
      <Filter>Source Files</Filter>
    </ClCompile>
    <ClCompile Include="C:\Users\dell\Documents\NoMASS-Release-72019\NoMASSv1.1-src\FMU\FMU\Source\Occupants\Occupant_Action_Lights.cpp">
      <Filter>Source Files</Filter>
    </ClCompile>
    <ClCompile Include="C:\Users\dell\Documents\NoMASS-Release-72019\NoMASSv1.1-src\FMU\FMU\Source\Occupants\Occupant_Action_Lights_BDI.cpp">
      <Filter>Source Files</Filter>
    </ClCompile>
    <ClCompile Include="C:\Users\dell\Documents\NoMASS-Release-72019\NoMASSv1.1-src\FMU\FMU\Source\Occupants\Occupant_Action_Shades.cpp">
      <Filter>Source Files</Filter>
    </ClCompile>
    <ClCompile Include="C:\Users\dell\Documents\NoMASS-Release-72019\NoMASSv1.1-src\FMU\FMU\Source\Occupants\Occupant_Action_Shades_BDI.cpp">
      <Filter>Source Files</Filter>
    </ClCompile>
    <ClCompile Include="C:\Users\dell\Documents\NoMASS-Release-72019\NoMASSv1.1-src\FMU\FMU\Source\Occupants\Occupant_Action_Window.cpp">
      <Filter>Source Files</Filter>
    </ClCompile>
    <ClCompile Include="C:\Users\dell\Documents\NoMASS-Release-72019\NoMASSv1.1-src\FMU\FMU\Source\Occupants\Occupant_Action_Window_Stochastic.cpp">
      <Filter>Source Files</Filter>
    </ClCompile>
    <ClCompile Include="C:\Users\dell\Documents\NoMASS-Release-72019\NoMASSv1.1-src\FMU\FMU\Source\Occupants\Occupant_Action_Window_Stochastic_BDI.cpp">
      <Filter>Source Files</Filter>
    </ClCompile>
    <ClCompile Include="C:\Users\dell\Documents\NoMASS-Release-72019\NoMASSv1.1-src\FMU\FMU\Source\Occupants\Occupant_Action_Window_Learning.cpp">
      <Filter>Source Files</Filter>
    </ClCompile>
    <ClCompile Include="C:\Users\dell\Documents\NoMASS-Release-72019\NoMASSv1.1-src\FMU\FMU\Source\Occupants\Occupant_Action_Appliance.cpp">
      <Filter>Source Files</Filter>
    </ClCompile>
    <ClCompile Include="C:\Users\dell\Documents\NoMASS-Release-72019\NoMASSv1.1-src\FMU\FMU\Source\Occupants\Occupant_Action_Appliance_BDI.cpp">
      <Filter>Source Files</Filter>
    </ClCompile>
    <ClCompile Include="C:\Users\dell\Documents\NoMASS-Release-72019\NoMASSv1.1-src\FMU\FMU\Source\Occupants\Occupant_Action_HeatingSetPoints_Learning.cpp">
      <Filter>Source Files</Filter>
    </ClCompile>
    <ClCompile Include="C:\Users\dell\Documents\NoMASS-Release-72019\NoMASSv1.1-src\FMU\FMU\Source\Occupants\Occupant_Zone.cpp">
      <Filter>Source Files</Filter>
    </ClCompile>
    <ClCompile Include="C:\Users\dell\Documents\NoMASS-Release-72019\NoMASSv1.1-src\FMU\FMU\Source\DataStore\DataStore.cpp">
      <Filter>Source Files</Filter>
    </ClCompile>
    <ClCompile Include="C:\Users\dell\Documents\NoMASS-Release-72019\NoMASSv1.1-src\FMU\FMU\Source\Log\Log.cpp">
      <Filter>Source Files</Filter>
    </ClCompile>
    <ClCompile Include="C:\Users\dell\Documents\NoMASS-Release-72019\NoMASSv1.1-src\FMU\FMU\Source\Models\Model_Activity.cpp">
      <Filter>Source Files</Filter>
    </ClCompile>
    <ClCompile Include="C:\Users\dell\Documents\NoMASS-Release-72019\NoMASSv1.1-src\FMU\FMU\Source\Models\Model_Activity_Survival.cpp">
      <Filter>Source Files</Filter>
    </ClCompile>
    <ClCompile Include="C:\Users\dell\Documents\NoMASS-Release-72019\NoMASSv1.1-src\FMU\FMU\Source\Models\Model_ExternalShading.cpp">
      <Filter>Source Files</Filter>
    </ClCompile>
    <ClCompile Include="C:\Users\dell\Documents\NoMASS-Release-72019\NoMASSv1.1-src\FMU\FMU\Source\Models\Model_HeatGains.cpp">
      <Filter>Source Files</Filter>
    </ClCompile>
    <ClCompile Include="C:\Users\dell\Documents\NoMASS-Release-72019\NoMASSv1.1-src\FMU\FMU\Source\Models\Model_Lights.cpp">
      <Filter>Source Files</Filter>
    </ClCompile>
    <ClCompile Include="C:\Users\dell\Documents\NoMASS-Release-72019\NoMASSv1.1-src\FMU\FMU\Source\Models\Model_Presence.cpp">
      <Filter>Source Files</Filter>
    </ClCompile>
    <ClCompile Include="C:\Users\dell\Documents\NoMASS-Release-72019\NoMASSv1.1-src\FMU\FMU\Source\Models\Model_RandomWeibull.cpp">
      <Filter>Source Files</Filter>
    </ClCompile>
    <ClCompile Include="C:\Users\dell\Documents\NoMASS-Release-72019\NoMASSv1.1-src\FMU\FMU\Source\Models\Model_Windows.cpp">
      <Filter>Source Files</Filter>
    </ClCompile>
    <ClCompile Include="C:\Users\dell\Documents\NoMASS-Release-72019\NoMASSv1.1-src\FMU\FMU\Source\Models\Model_Appliance_Ownership.cpp">
      <Filter>Source Files</Filter>
    </ClCompile>
    <ClCompile Include="C:\Users\dell\Documents\NoMASS-Release-72019\NoMASSv1.1-src\FMU\FMU\Source\Models\Model_Appliance_Large_Usage.cpp">
      <Filter>Source Files</Filter>
    </ClCompile>
    <ClCompile Include="C:\Users\dell\Documents\NoMASS-Release-72019\NoMASSv1.1-src\FMU\FMU\Source\Models\Model_Appliance_Large_Usage_Survival.cpp">
      <Filter>Source Files</Filter>
    </ClCompile>
    <ClCompile Include="C:\Users\dell\Documents\NoMASS-Release-72019\NoMASSv1.1-src\FMU\FMU\Source\Models\Model_Appliance_Small_Usage.cpp">
      <Filter>Source Files</Filter>
    </ClCompile>
    <ClCompile Include="C:\Users\dell\Documents\NoMASS-Release-72019\NoMASSv1.1-src\FMU\FMU\Source\Models\Model_Appliance_Power_CSV.cpp">
      <Filter>Source Files</Filter>
    </ClCompile>
    <ClCompile Include="C:\Users\dell\Documents\NoMASS-Release-72019\NoMASSv1.1-src\FMU\FMU\Source\Simulation\Simulation.cpp">
      <Filter>Source Files</Filter>
    </ClCompile>
    <ClCompile Include="C:\Users\dell\Documents\NoMASS-Release-72019\NoMASSv1.1-src\FMU\FMU\Source\Configuration\Configuration.cpp">
      <Filter>Source Files</Filter>
    </ClCompile>
    <ClCompile Include="C:\Users\dell\Documents\NoMASS-Release-72019\NoMASSv1.1-src\FMU\FMU\Source\Simulation\SimulationTime.cpp">
      <Filter>Source Files</Filter>
    </ClCompile>
    <ClCompile Include="C:\Users\dell\Documents\NoMASS-Release-72019\NoMASSv1.1-src\FMU\FMU\Source\Simulation\State.cpp">
      <Filter>Source Files</Filter>
    </ClCompile>
    <ClCompile Include="C:\Users\dell\Documents\NoMASS-Release-72019\NoMASSv1.1-src\FMU\FMU\Source\Simulation\StateMachine.cpp">
      <Filter>Source Files</Filter>
    </ClCompile>
    <ClCompile Include="C:\Users\dell\Documents\NoMASS-Release-72019\NoMASSv1.1-src\FMU\FMU\Source\Utility\Utility.cpp">
      <Filter>Source Files</Filter>
    </ClCompile>
    <ClCompile Include="C:\Users\dell\Documents\NoMASS-Release-72019\NoMASSv1.1-src\FMU\FMU\Source\Environment\Environment.cpp">
      <Filter>Source Files</Filter>
    </ClCompile>
    <ClCompile Include="C:\Users\dell\Documents\NoMASS-Release-72019\NoMASSv1.1-src\FMU\FMU\Source\Building\Building.cpp">
      <Filter>Source Files</Filter>
    </ClCompile>
    <ClCompile Include="C:\Users\dell\Documents\NoMASS-Release-72019\NoMASSv1.1-src\FMU\FMU\Source\Building\Building_Zone.cpp">
      <Filter>Source Files</Filter>
    </ClCompile>
    <ClCompile Include="C:\Users\dell\Documents\NoMASS-Release-72019\NoMASSv1.1-src\FMU\FMU\Source\Building\Building_Appliances.cpp">
      <Filter>Source Files</Filter>
    </ClCompile>
    <ClCompile Include="C:\Users\dell\Documents\NoMASS-Release-72019\NoMASSv1.1-src\FMU\FMU\Source\fmi\fmiFunctions.cpp">
      <Filter>Source Files</Filter>
    </ClCompile>
    <ClCompile Include="C:\Users\dell\Documents\NoMASS-Release-72019\NoMASSv1.1-src\FMU\FMU\Source\QLearning\QLearning.cpp">
      <Filter>Source Files</Filter>
    </ClCompile>
    <ClCompile Include="C:\Users\dell\Documents\NoMASS-Release-72019\NoMASSv1.1-src\FMU\FMU\Source\Appliances\Appliance.cpp">
      <Filter>Source Files</Filter>
    </ClCompile>
    <ClCompile Include="C:\Users\dell\Documents\NoMASS-Release-72019\NoMASSv1.1-src\FMU\FMU\Source\Appliances\Appliance_Large.cpp">
      <Filter>Source Files</Filter>
    </ClCompile>
    <ClCompile Include="C:\Users\dell\Documents\NoMASS-Release-72019\NoMASSv1.1-src\FMU\FMU\Source\Appliances\Appliance_Large_CSV.cpp">
      <Filter>Source Files</Filter>
    </ClCompile>
    <ClCompile Include="C:\Users\dell\Documents\NoMASS-Release-72019\NoMASSv1.1-src\FMU\FMU\Source\Appliances\Appliance_Small.cpp">
      <Filter>Source Files</Filter>
    </ClCompile>
    <ClCompile Include="C:\Users\dell\Documents\NoMASS-Release-72019\NoMASSv1.1-src\FMU\FMU\Source\Appliances\Appliance_Generic_CSV.cpp">
      <Filter>Source Files</Filter>
    </ClCompile>
    <ClCompile Include="C:\Users\dell\Documents\NoMASS-Release-72019\NoMASSv1.1-src\FMU\FMU\Source\Appliances\Appliance_FMI.cpp">
      <Filter>Source Files</Filter>
    </ClCompile>
    <ClCompile Include="C:\Users\dell\Documents\NoMASS-Release-72019\NoMASSv1.1-src\FMU\FMU\Source\Appliances\Appliance_Large_Learning.cpp">
      <Filter>Source Files</Filter>
    </ClCompile>
    <ClCompile Include="C:\Users\dell\Documents\NoMASS-Release-72019\NoMASSv1.1-src\FMU\FMU\Source\Appliances\Appliance_Large_Learning_CSV.cpp">
      <Filter>Source Files</Filter>
    </ClCompile>
    <ClCompile Include="C:\Users\dell\Documents\NoMASS-Release-72019\NoMASSv1.1-src\FMU\FMU\Source\Appliances\Appliance_Battery.cpp">
      <Filter>Source Files</Filter>
    </ClCompile>
    <ClCompile Include="C:\Users\dell\Documents\NoMASS-Release-72019\NoMASSv1.1-src\FMU\FMU\Source\Appliances\Appliance_Battery_GridCost_Reward.cpp">
      <Filter>Source Files</Filter>
    </ClCompile>
    <ClCompile Include="C:\Users\dell\Documents\NoMASS-Release-72019\NoMASSv1.1-src\FMU\FMU\Source\LVN\LVN.cpp">
      <Filter>Source Files</Filter>
    </ClCompile>
    <ClCompile Include="C:\Users\dell\Documents\NoMASS-Release-72019\NoMASSv1.1-src\FMU\FMU\Source\LVN\LVN_Node.cpp">
      <Filter>Source Files</Filter>
    </ClCompile>
    <ClCompile Include="C:\Users\dell\Documents\NoMASS-Release-72019\NoMASSv1.1-src\FMU\FMU\Source\Contract\Contract_Node_Priority.cpp">
      <Filter>Source Files</Filter>
    </ClCompile>
    <ClCompile Include="C:\Users\dell\Documents\NoMASS-Release-72019\NoMASSv1.1-src\FMU\FMU\Source\Contract\Contract_Node_Supply.cpp">
      <Filter>Source Files</Filter>
    </ClCompile>
    <ClCompile Include="C:\Users\dell\Documents\NoMASS-Release-72019\NoMASSv1.1-src\FMU\FMU\Source\Contract\Contract_Negotiation.cpp">
      <Filter>Source Files</Filter>
    </ClCompile>
  </ItemGroup>
  <ItemGroup>
    <ClInclude Include="C:\Users\dell\Documents\NoMASS-Release-72019\NoMASSv1.1-src\FMU\FMU\Source\Version\Version.hpp">
      <Filter>Header Files</Filter>
    </ClInclude>
  </ItemGroup>
  <ItemGroup>
    <CustomBuild Include="C:\Users\dell\Documents\NoMASS-Release-72019\NoMASSv1.1-src\FMU\FMU\CMakeLists.txt" />
  </ItemGroup>
  <ItemGroup>
    <Filter Include="Source Files">
      <UniqueIdentifier>{925EA734-8F4C-3C7D-96A2-DDA064E1078D}</UniqueIdentifier>
    </Filter>
    <Filter Include="Header Files">
      <UniqueIdentifier>{DCDEB18F-92C5-3355-A566-328B3F89F29F}</UniqueIdentifier>
    </Filter>
  </ItemGroup>
</Project>
