<?xml version="1.0" encoding="UTF-8"?>
<Project ToolsVersion="15.0" xmlns="http://schemas.microsoft.com/developer/msbuild/2003">
  <ItemGroup>
    <ClCompile Include="C:\Users\dell\Documents\NoMASS-Release-72019\NoMASSv1.1-src\FMU\FMU\Source\main.cpp">
      <Filter>Source Files</Filter>
    </ClCompile>
  </ItemGroup>
  <ItemGroup>
    <CustomBuild Include="C:\Users\dell\Documents\NoMASS-Release-72019\NoMASSv1.1-src\FMU\FMU\CMakeLists.txt" />
  </ItemGroup>
  <ItemGroup>
    <Filter Include="Source Files">
      <UniqueIdentifier>{925EA734-8F4C-3C7D-96A2-DDA064E1078D}</UniqueIdentifier>
    </Filter>
  </ItemGroup>
</Project>
